{
  "name": "overpass",
  "version": "0.2.2",
  "dependencies": {
    "bluebird": {
      "version": "2.5.3",
      "from": "bluebird@>=2.3.0 <3.0.0",
      "resolved": "https://registry.npmjs.org/bluebird/-/bluebird-2.5.3.tgz"
    },
    "enum": {
      "version": "0.2.6",
      "from": "enum@>=0.2.0 <0.3.0",
      "resolved": "https://registry.npmjs.org/enum/-/enum-0.2.6.tgz"
    },
    "escape-string-regexp": {
      "version": "1.0.2",
      "from": "escape-string-regexp@>=1.0.2 <2.0.0",
      "resolved": "https://registry.npmjs.org/escape-string-regexp/-/escape-string-regexp-1.0.2.tgz"
    },
    "requireindex": {
      "version": "1.1.0",
      "from": "requireindex@>=1.1.0 <2.0.0",
      "resolved": "https://registry.npmjs.org/requireindex/-/requireindex-1.1.0.tgz"
    },
    "winston": {
      "version": "0.8.3",
      "from": "winston@>=0.8.0 <0.9.0",
      "resolved": "https://registry.npmjs.org/winston/-/winston-0.8.3.tgz",
      "dependencies": {
        "async": {
          "version": "0.2.10",
          "from": "async@>=0.2.0 <0.3.0",
          "resolved": "https://registry.npmjs.org/async/-/async-0.2.10.tgz"
        },
        "colors": {
          "version": "0.6.2",
          "from": "colors@>=0.6.0 <0.7.0",
          "resolved": "https://registry.npmjs.org/colors/-/colors-0.6.2.tgz"
        },
        "cycle": {
          "version": "1.0.3",
          "from": "cycle@>=1.0.0 <1.1.0",
          "resolved": "https://registry.npmjs.org/cycle/-/cycle-1.0.3.tgz"
        },
        "eyes": {
          "version": "0.1.8",
          "from": "eyes@>=0.1.0 <0.2.0",
          "resolved": "https://registry.npmjs.org/eyes/-/eyes-0.1.8.tgz"
        },
        "isstream": {
          "version": "0.1.1",
          "from": "isstream@>=0.1.0 <0.2.0",
          "resolved": "https://registry.npmjs.org/isstream/-/isstream-0.1.1.tgz"
        },
        "pkginfo": {
          "version": "0.3.0",
          "from": "pkginfo@>=0.3.0 <0.4.0",
          "resolved": "https://registry.npmjs.org/pkginfo/-/pkginfo-0.3.0.tgz"
        },
        "stack-trace": {
          "version": "0.0.9",
          "from": "stack-trace@>=0.0.0 <0.1.0",
          "resolved": "https://registry.npmjs.org/stack-trace/-/stack-trace-0.0.9.tgz"
        }
      }
    }
  }
}
